
Microsoft Visual Studio Solution File, Format Version 12.00
# Visual Studio Version 16
VisualStudioVersion = 16.0.31321.278
MinimumVisualStudioVersion = 10.0.40219.1
Project("{9A19103F-16F7-4668-BE54-9A1E7A4F7556}") = "cema-ui", "cema-ui.csproj", "{1B49313F-1241-42F0-901F-C8C463C5B615}"
EndProject
Global
	GlobalSection(SolutionConfigurationPlatforms) = preSolution
		Debug|Any CPU = Debug|Any CPU
		Release|Any CPU = Release|Any CPU
	EndGlobalSection
	GlobalSection(ProjectConfigurationPlatforms) = postSolution
		{1B49313F-1241-42F0-901F-C8C463C5B615}.Debug|Any CPU.ActiveCfg = Debug|Any CPU
		{1B49313F-1241-42F0-901F-C8C463C5B615}.Debug|Any CPU.Build.0 = Debug|Any CPU
		{1B49313F-1241-42F0-901F-C8C463C5B615}.Release|Any CPU.ActiveCfg = Release|Any CPU
		{1B49313F-1241-42F0-901F-C8C463C5B615}.Release|Any CPU.Build.0 = Release|Any CPU
	EndGlobalSection
	GlobalSection(SolutionProperties) = preSolution
		HideSolutionNode = FALSE
	EndGlobalSection
	GlobalSection(ExtensibilityGlobals) = postSolution
		SolutionGuid = {108DE636-4874-4511-A727-D65313787A01}
	EndGlobalSection
EndGlobal
